
Microsoft Visual Studio Solution File, Format Version 12.00
# Visual Studio Version 17
VisualStudioVersion = 17.8.34525.116
MinimumVisualStudioVersion = 10.0.40219.1
Project("{2150E333-8FDC-42A3-9474-1A3956D46DE8}") = "Backend", "Backend", "{88D3011D-B42C-47AA-94DB-8E409D923064}"
EndProject
Project("{2150E333-8FDC-42A3-9474-1A3956D46DE8}") = "Frontend", "Frontend", "{8722251E-14B2-4484-A5E4-89AA024DA2BE}"
EndProject
Project("{FAE04EC0-301F-11D3-BF4B-00C04F79EFBC}") = "Base", "Backend\Base\Base.csproj", "{DC4FEA53-D83E-4855-9E9D-AFA20CA4A9D4}"
EndProject
Project("{FAE04EC0-301F-11D3-BF4B-00C04F79EFBC}") = "Entities", "Backend\Entities\Entities.csproj", "{4011601E-1535-4194-A23F-CD7D2CE53F93}"
EndProject
Project("{FAE04EC0-301F-11D3-BF4B-00C04F79EFBC}") = "DataAccess", "Backend\DataAccess\DataAccess.csproj", "{C766EA4C-17BC-4B3C-9F53-25FB1162FD03}"
EndProject
Project("{FAE04EC0-301F-11D3-BF4B-00C04F79EFBC}") = "Business", "Backend\Business\Business.csproj", "{6050600C-1264-4D89-9074-ACC20873C8A8}"
EndProject
Project("{FAE04EC0-301F-11D3-BF4B-00C04F79EFBC}") = "Api", "Backend\Api\Api.csproj", "{0D12594D-C5A3-4567-B540-E1EDE25996AD}"
EndProject
Global
	GlobalSection(SolutionConfigurationPlatforms) = preSolution
		Debug|Any CPU = Debug|Any CPU
		Release|Any CPU = Release|Any CPU
	EndGlobalSection
	GlobalSection(ProjectConfigurationPlatforms) = postSolution
		{DC4FEA53-D83E-4855-9E9D-AFA20CA4A9D4}.Debug|Any CPU.ActiveCfg = Debug|Any CPU
		{DC4FEA53-D83E-4855-9E9D-AFA20CA4A9D4}.Debug|Any CPU.Build.0 = Debug|Any CPU
		{DC4FEA53-D83E-4855-9E9D-AFA20CA4A9D4}.Release|Any CPU.ActiveCfg = Release|Any CPU
		{DC4FEA53-D83E-4855-9E9D-AFA20CA4A9D4}.Release|Any CPU.Build.0 = Release|Any CPU
		{4011601E-1535-4194-A23F-CD7D2CE53F93}.Debug|Any CPU.ActiveCfg = Debug|Any CPU
		{4011601E-1535-4194-A23F-CD7D2CE53F93}.Debug|Any CPU.Build.0 = Debug|Any CPU
		{4011601E-1535-4194-A23F-CD7D2CE53F93}.Release|Any CPU.ActiveCfg = Release|Any CPU
		{4011601E-1535-4194-A23F-CD7D2CE53F93}.Release|Any CPU.Build.0 = Release|Any CPU
		{C766EA4C-17BC-4B3C-9F53-25FB1162FD03}.Debug|Any CPU.ActiveCfg = Debug|Any CPU
		{C766EA4C-17BC-4B3C-9F53-25FB1162FD03}.Debug|Any CPU.Build.0 = Debug|Any CPU
		{C766EA4C-17BC-4B3C-9F53-25FB1162FD03}.Release|Any CPU.ActiveCfg = Release|Any CPU
		{C766EA4C-17BC-4B3C-9F53-25FB1162FD03}.Release|Any CPU.Build.0 = Release|Any CPU
		{6050600C-1264-4D89-9074-ACC20873C8A8}.Debug|Any CPU.ActiveCfg = Debug|Any CPU
		{6050600C-1264-4D89-9074-ACC20873C8A8}.Debug|Any CPU.Build.0 = Debug|Any CPU
		{6050600C-1264-4D89-9074-ACC20873C8A8}.Release|Any CPU.ActiveCfg = Release|Any CPU
		{6050600C-1264-4D89-9074-ACC20873C8A8}.Release|Any CPU.Build.0 = Release|Any CPU
		{0D12594D-C5A3-4567-B540-E1EDE25996AD}.Debug|Any CPU.ActiveCfg = Debug|Any CPU
		{0D12594D-C5A3-4567-B540-E1EDE25996AD}.Debug|Any CPU.Build.0 = Debug|Any CPU
		{0D12594D-C5A3-4567-B540-E1EDE25996AD}.Release|Any CPU.ActiveCfg = Release|Any CPU
		{0D12594D-C5A3-4567-B540-E1EDE25996AD}.Release|Any CPU.Build.0 = Release|Any CPU
	EndGlobalSection
	GlobalSection(SolutionProperties) = preSolution
		HideSolutionNode = FALSE
	EndGlobalSection
	GlobalSection(NestedProjects) = preSolution
		{DC4FEA53-D83E-4855-9E9D-AFA20CA4A9D4} = {88D3011D-B42C-47AA-94DB-8E409D923064}
		{4011601E-1535-4194-A23F-CD7D2CE53F93} = {88D3011D-B42C-47AA-94DB-8E409D923064}
		{C766EA4C-17BC-4B3C-9F53-25FB1162FD03} = {88D3011D-B42C-47AA-94DB-8E409D923064}
		{6050600C-1264-4D89-9074-ACC20873C8A8} = {88D3011D-B42C-47AA-94DB-8E409D923064}
		{0D12594D-C5A3-4567-B540-E1EDE25996AD} = {88D3011D-B42C-47AA-94DB-8E409D923064}
	EndGlobalSection
	GlobalSection(ExtensibilityGlobals) = postSolution
		SolutionGuid = {A8DFDB5D-DC85-4CDA-A033-733AA4FA672E}
	EndGlobalSection
EndGlobal
